{
    "name": "y-music",
    "version": "1.0.0",
    "lockfileVersion": 2,
    "requires": true,
    "packages": {
        "": {
            "name": "y-music",
            "version": "1.0.0",
            "workspaces": [
                "home",
                "layout"
            ],
            "devDependencies": {
                "@originjs/vite-plugin-federation": "^1.1.11",
                "kill-port": "^2.0.1"
            }
        },
        "node_modules/@originjs/vite-plugin-federation": {
            "version": "1.1.11",
            "resolved": "https://registry.npmjs.org/@originjs/vite-plugin-federation/-/vite-plugin-federation-1.1.11.tgz",
            "integrity": "sha512-jsuy4t3HuPRkhU0pNWvcSicOMrUhWszBT/Vp+tGhxhBYnTDs4yYzIBFxhhEa2n/oE3DUEeTiYrQaeEn1Jmv/oA==",
            "dev": true,
            "dependencies": {
                "estree-walker": "^1.0.1",
                "magic-string": "^0.25.7"
            },
            "engines": {
                "node": ">=14.0.0",
                "pnpm": ">=7.0.1"
            }
        },
        "node_modules/estree-walker": {
            "version": "1.0.1",
            "resolved": "https://registry.npmjs.org/estree-walker/-/estree-walker-1.0.1.tgz",
            "integrity": "sha512-1fMXF3YP4pZZVozF8j/ZLfvnR8NSIljt56UhbZ5PeeDmmGHpgpdwQt7ITlGvYaQukCvuBRMLEiKiYC+oeIg4cg==",
            "dev": true
        },
        "node_modules/get-them-args": {
            "version": "1.3.2",
            "resolved": "https://registry.npmjs.org/get-them-args/-/get-them-args-1.3.2.tgz",
            "integrity": "sha512-LRn8Jlk+DwZE4GTlDbT3Hikd1wSHgLMme/+7ddlqKd7ldwR6LjJgTVWzBnR01wnYGe4KgrXjg287RaI22UHmAw==",
            "dev": true
        },
        "node_modules/kill-port": {
            "version": "2.0.1",
            "resolved": "https://registry.npmjs.org/kill-port/-/kill-port-2.0.1.tgz",
            "integrity": "sha512-e0SVOV5jFo0mx8r7bS29maVWp17qGqLBZ5ricNSajON6//kmb7qqqNnml4twNE8Dtj97UQD+gNFOaipS/q1zzQ==",
            "dev": true,
            "dependencies": {
                "get-them-args": "1.3.2",
                "shell-exec": "1.0.2"
            },
            "bin": {
                "kill-port": "cli.js"
            }
        },
        "node_modules/magic-string": {
            "version": "0.25.9",
            "resolved": "https://registry.npmjs.org/magic-string/-/magic-string-0.25.9.tgz",
            "integrity": "sha512-RmF0AsMzgt25qzqqLc1+MbHmhdx0ojF2Fvs4XnOqz2ZOBXzzkEwc/dJQZCYHAn7v1jbVOjAZfK8msRn4BxO4VQ==",
            "dev": true,
            "dependencies": {
                "sourcemap-codec": "^1.4.8"
            }
        },
        "node_modules/shell-exec": {
            "version": "1.0.2",
            "resolved": "https://registry.npmjs.org/shell-exec/-/shell-exec-1.0.2.tgz",
            "integrity": "sha512-jyVd+kU2X+mWKMmGhx4fpWbPsjvD53k9ivqetutVW/BQ+WIZoDoP4d8vUMGezV6saZsiNoW2f9GIhg9Dondohg==",
            "dev": true
        },
        "node_modules/sourcemap-codec": {
            "version": "1.4.8",
            "resolved": "https://registry.npmjs.org/sourcemap-codec/-/sourcemap-codec-1.4.8.tgz",
            "integrity": "sha512-9NykojV5Uih4lgo5So5dtw+f0JgJX30KCNI8gwhz2J9A15wD0Ml6tjHKwf6fTSa6fAdVBdZeNOs9eJ71qCk8vA==",
            "deprecated": "Please use @jridgewell/sourcemap-codec instead",
            "dev": true
        }
    },
    "dependencies": {
        "@originjs/vite-plugin-federation": {
            "version": "1.1.11",
            "resolved": "https://registry.npmjs.org/@originjs/vite-plugin-federation/-/vite-plugin-federation-1.1.11.tgz",
            "integrity": "sha512-jsuy4t3HuPRkhU0pNWvcSicOMrUhWszBT/Vp+tGhxhBYnTDs4yYzIBFxhhEa2n/oE3DUEeTiYrQaeEn1Jmv/oA==",
            "dev": true,
            "requires": {
                "estree-walker": "^1.0.1",
                "magic-string": "^0.25.7"
            }
        },
        "estree-walker": {
            "version": "1.0.1",
            "resolved": "https://registry.npmjs.org/estree-walker/-/estree-walker-1.0.1.tgz",
            "integrity": "sha512-1fMXF3YP4pZZVozF8j/ZLfvnR8NSIljt56UhbZ5PeeDmmGHpgpdwQt7ITlGvYaQukCvuBRMLEiKiYC+oeIg4cg==",
            "dev": true
        },
        "get-them-args": {
            "version": "1.3.2",
            "resolved": "https://registry.npmjs.org/get-them-args/-/get-them-args-1.3.2.tgz",
            "integrity": "sha512-LRn8Jlk+DwZE4GTlDbT3Hikd1wSHgLMme/+7ddlqKd7ldwR6LjJgTVWzBnR01wnYGe4KgrXjg287RaI22UHmAw==",
            "dev": true
        },
        "kill-port": {
            "version": "2.0.1",
            "resolved": "https://registry.npmjs.org/kill-port/-/kill-port-2.0.1.tgz",
            "integrity": "sha512-e0SVOV5jFo0mx8r7bS29maVWp17qGqLBZ5ricNSajON6//kmb7qqqNnml4twNE8Dtj97UQD+gNFOaipS/q1zzQ==",
            "dev": true,
            "requires": {
                "get-them-args": "1.3.2",
                "shell-exec": "1.0.2"
            }
        },
        "magic-string": {
            "version": "0.25.9",
            "resolved": "https://registry.npmjs.org/magic-string/-/magic-string-0.25.9.tgz",
            "integrity": "sha512-RmF0AsMzgt25qzqqLc1+MbHmhdx0ojF2Fvs4XnOqz2ZOBXzzkEwc/dJQZCYHAn7v1jbVOjAZfK8msRn4BxO4VQ==",
            "dev": true,
            "requires": {
                "sourcemap-codec": "^1.4.8"
            }
        },
        "shell-exec": {
            "version": "1.0.2",
            "resolved": "https://registry.npmjs.org/shell-exec/-/shell-exec-1.0.2.tgz",
            "integrity": "sha512-jyVd+kU2X+mWKMmGhx4fpWbPsjvD53k9ivqetutVW/BQ+WIZoDoP4d8vUMGezV6saZsiNoW2f9GIhg9Dondohg==",
            "dev": true
        },
        "sourcemap-codec": {
            "version": "1.4.8",
            "resolved": "https://registry.npmjs.org/sourcemap-codec/-/sourcemap-codec-1.4.8.tgz",
            "integrity": "sha512-9NykojV5Uih4lgo5So5dtw+f0JgJX30KCNI8gwhz2J9A15wD0Ml6tjHKwf6fTSa6fAdVBdZeNOs9eJ71qCk8vA==",
            "dev": true
        }
    }
}
